speakeasyVersion: 1.680.11
sources:
    WarEra API:
        sourceNamespace: war-era-api
        sourceRevisionDigest: sha256:1f0f1f2d4bf2bf9030ac1ab73f89dbb0023077990af1eea7c526ef0c6815a562
        sourceBlobDigest: sha256:8532a3fd6ab363b74c09de7d71a602b6657f3068501e074a9532e359815762d7
        tags:
            - latest
            - 0.17.4-beta
targets:
    warera:
        source: WarEra API
        sourceNamespace: war-era-api
        sourceRevisionDigest: sha256:1f0f1f2d4bf2bf9030ac1ab73f89dbb0023077990af1eea7c526ef0c6815a562
        sourceBlobDigest: sha256:8532a3fd6ab363b74c09de7d71a602b6657f3068501e074a9532e359815762d7
        codeSamplesNamespace: war-era-api-typescript-code-samples
        codeSamplesRevisionDigest: sha256:442905d36a99c7527ccdcf999b555fdc46850be67565be392abbd585d581d97f
workflow:
    workflowVersion: 1.0.0
    speakeasyVersion: latest
    sources:
        WarEra API:
            inputs:
                - location: https://api2.warera.io/openapi.json
            overlays:
                - location: overlay.yaml
                - location: .speakeasy/speakeasy-modifications-overlay.yaml
            output: .speakeasy/out.openapi.yaml
            registry:
                location: registry.speakeasyapi.dev/thecodefatherco/thecodefatherco/war-era-api
    targets:
        warera:
            target: typescript
            source: WarEra API
            codeSamples:
                registry:
                    location: registry.speakeasyapi.dev/thecodefatherco/thecodefatherco/war-era-api-typescript-code-samples
                labelOverride:
                    fixedValue: Typescript (SDK)
                blocking: false
