speakeasyVersion: 1.680.11
sources:
    WarEra API:
        sourceNamespace: war-era-api
        sourceRevisionDigest: sha256:c2ba12323d8a6608d5c15ade878543077a57e7c089c31d815b14204a2db2946d
        sourceBlobDigest: sha256:225194213e8eb25f32c769c68e4d604c0fa8ac1484239c21aa0de9ce14be78b5
        tags:
            - latest
            - 0.17.4-beta
targets:
    warera:
        source: WarEra API
        sourceNamespace: war-era-api
        sourceRevisionDigest: sha256:c2ba12323d8a6608d5c15ade878543077a57e7c089c31d815b14204a2db2946d
        sourceBlobDigest: sha256:225194213e8eb25f32c769c68e4d604c0fa8ac1484239c21aa0de9ce14be78b5
        codeSamplesNamespace: war-era-api-typescript-code-samples
        codeSamplesRevisionDigest: sha256:d09c88aa887f5f749c3b35ed6d35cf79ff24e01a1dfc7491c7d9878c44fd129e
workflow:
    workflowVersion: 1.0.0
    speakeasyVersion: latest
    sources:
        WarEra API:
            inputs:
                - location: openapi.json
            overlays:
                - location: overlay.yaml
                - location: .speakeasy/speakeasy-modifications-overlay.yaml
                - location: overlay.yaml
            output: .speakeasy/out.openapi.yaml
            registry:
                location: registry.speakeasyapi.dev/thecodefatherco/thegamefatherco/war-era-api
    targets:
        warera:
            target: typescript
            source: WarEra API
            publish:
                npm:
                    token: $npm_token
            codeSamples:
                registry:
                    location: registry.speakeasyapi.dev/thecodefatherco/thegamefatherco/war-era-api-typescript-code-samples
                labelOverride:
                    fixedValue: Typescript (SDK)
                blocking: false
